
Microsoft Visual Studio Solution File, Format Version 12.00
# Visual Studio 14
VisualStudioVersion = 14.0.25420.1
MinimumVisualStudioVersion = 10.0.40219.1
Project("{FAE04EC0-301F-11D3-BF4B-00C04F79EFBC}") = "MusicPlayerApp", "MusicPlayerApp\MusicPlayerApp.csproj", "{3F754970-EBF8-4C75-81B8-28B0747A058E}"
EndProject
Project("{54435603-DBB4-11D2-8724-00A0C9A8B90C}") = "MusicPlayerAppSetup", "MusicPlayerAppSetup\MusicPlayerAppSetup.vdproj", "{03B8C122-B010-4ED3-B6D0-140ECDB987F0}"
EndProject
Global
	GlobalSection(SolutionConfigurationPlatforms) = preSolution
		Debug|Any CPU = Debug|Any CPU
		Release|Any CPU = Release|Any CPU
	EndGlobalSection
	GlobalSection(ProjectConfigurationPlatforms) = postSolution
		{3F754970-EBF8-4C75-81B8-28B0747A058E}.Debug|Any CPU.ActiveCfg = Debug|Any CPU
		{3F754970-EBF8-4C75-81B8-28B0747A058E}.Debug|Any CPU.Build.0 = Debug|Any CPU
		{3F754970-EBF8-4C75-81B8-28B0747A058E}.Release|Any CPU.ActiveCfg = Release|Any CPU
		{3F754970-EBF8-4C75-81B8-28B0747A058E}.Release|Any CPU.Build.0 = Release|Any CPU
		{03B8C122-B010-4ED3-B6D0-140ECDB987F0}.Debug|Any CPU.ActiveCfg = Debug
		{03B8C122-B010-4ED3-B6D0-140ECDB987F0}.Release|Any CPU.ActiveCfg = Release
	EndGlobalSection
	GlobalSection(SolutionProperties) = preSolution
		HideSolutionNode = FALSE
	EndGlobalSection
EndGlobal
